
Microsoft Visual Studio Solution File, Format Version 12.00
# Visual Studio Version 17
VisualStudioVersion = 17.14.36221.1
MinimumVisualStudioVersion = 10.0.40219.1
Project("{FAE04EC0-301F-11D3-BF4B-00C04F79EFBC}") = "IDCapture", "IDCapture.csproj", "{A58E2D8C-9D86-7BFF-A681-BA80549DED66}"
EndProject
Global
	GlobalSection(SolutionConfigurationPlatforms) = preSolution
		Debug|Any CPU = Debug|Any CPU
		Release|Any CPU = Release|Any CPU
	EndGlobalSection
	GlobalSection(ProjectConfigurationPlatforms) = postSolution
		{A58E2D8C-9D86-7BFF-A681-BA80549DED66}.Debug|Any CPU.ActiveCfg = Debug|Any CPU
		{A58E2D8C-9D86-7BFF-A681-BA80549DED66}.Debug|Any CPU.Build.0 = Debug|Any CPU
		{A58E2D8C-9D86-7BFF-A681-BA80549DED66}.Release|Any CPU.ActiveCfg = Release|Any CPU
		{A58E2D8C-9D86-7BFF-A681-BA80549DED66}.Release|Any CPU.Build.0 = Release|Any CPU
	EndGlobalSection
	GlobalSection(SolutionProperties) = preSolution
		HideSolutionNode = FALSE
	EndGlobalSection
	GlobalSection(ExtensibilityGlobals) = postSolution
		SolutionGuid = {BD738C51-9B60-4BE0-96F2-916B7D9C0892}
	EndGlobalSection
EndGlobal
